{
  "name": "my-cookbook",
  "requires": true,
  "lockfileVersion": 1,
  "dependencies": {
    "systeminformation": {
      "version": "3.42.2",
      "resolved": "https://registry.npmjs.org/systeminformation/-/systeminformation-3.42.2.tgz",
      "integrity": "sha512-u0y9BR2KFklP25VZ85emOjOiyaRCstFmi/p5hgCpoKabWbMHF199TnVh7u7knRw2ogTb/l7ldu7KUW8/4llBnw=="
    }
  }
}
